{
  "name": "@maticnetwork/meta",
  "version": "2.4.63",
  "lockfileVersion": 2,
  "requires": true,
  "packages": {
    "": {
      "name": "@maticnetwork/meta",
      "version": "2.4.63",
      "license": "MIT",
      "dependencies": {
        "@maticnetwork/meta": "^2.4.59"
      }
    },
    "node_modules/@maticnetwork/meta": {
      "version": "2.4.59",
      "resolved": "https://registry.npmjs.org/@maticnetwork/meta/-/meta-2.4.59.tgz",
      "integrity": "sha512-iXqfSiVupiTGlF3luaOOzHL7ccHaLqS4cNTTwciG4/ycGUkTO6pZ+jPMJw5sQeFcBfpl38TqF261FFd1PhR9zw=="
    }
  },
  "dependencies": {
    "@maticnetwork/meta": {
      "version": "2.4.59",
      "resolved": "https://registry.npmjs.org/@maticnetwork/meta/-/meta-2.4.59.tgz",
      "integrity": "sha512-iXqfSiVupiTGlF3luaOOzHL7ccHaLqS4cNTTwciG4/ycGUkTO6pZ+jPMJw5sQeFcBfpl38TqF261FFd1PhR9zw=="
    }
  }
}
